
Microsoft Visual Studio Solution File, Format Version 12.00
# Visual Studio Version 17
VisualStudioVersion = 17.0.31903.59
MinimumVisualStudioVersion = 10.0.40219.1
Project("{9A19103F-16F7-4668-BE54-9A1E7A4F7556}") = "HostedBlazorAad.Server", "HostedBlazorAad\Server\HostedBlazorAad.Server.csproj", "{717E3063-F07D-4A0D-863C-0509DF40D4FD}"
EndProject
Project("{9A19103F-16F7-4668-BE54-9A1E7A4F7556}") = "HostedBlazorAad.Shared", "HostedBlazorAad\Shared\HostedBlazorAad.Shared.csproj", "{F41066B6-4F3A-4EDC-907C-8800BF4AAD61}"
EndProject
Project("{9A19103F-16F7-4668-BE54-9A1E7A4F7556}") = "HostedBlazorAad.Client", "HostedBlazorAad\Client\HostedBlazorAad.Client.csproj", "{966BE754-425C-4AD8-8F8F-5A0457F529D4}"
EndProject
Global
	GlobalSection(SolutionConfigurationPlatforms) = preSolution
		Debug|Any CPU = Debug|Any CPU
		Release|Any CPU = Release|Any CPU
	EndGlobalSection
	GlobalSection(ProjectConfigurationPlatforms) = postSolution
		{717E3063-F07D-4A0D-863C-0509DF40D4FD}.Debug|Any CPU.ActiveCfg = Debug|Any CPU
		{717E3063-F07D-4A0D-863C-0509DF40D4FD}.Debug|Any CPU.Build.0 = Debug|Any CPU
		{717E3063-F07D-4A0D-863C-0509DF40D4FD}.Release|Any CPU.ActiveCfg = Release|Any CPU
		{717E3063-F07D-4A0D-863C-0509DF40D4FD}.Release|Any CPU.Build.0 = Release|Any CPU
		{F41066B6-4F3A-4EDC-907C-8800BF4AAD61}.Debug|Any CPU.ActiveCfg = Debug|Any CPU
		{F41066B6-4F3A-4EDC-907C-8800BF4AAD61}.Debug|Any CPU.Build.0 = Debug|Any CPU
		{F41066B6-4F3A-4EDC-907C-8800BF4AAD61}.Release|Any CPU.ActiveCfg = Release|Any CPU
		{F41066B6-4F3A-4EDC-907C-8800BF4AAD61}.Release|Any CPU.Build.0 = Release|Any CPU
		{966BE754-425C-4AD8-8F8F-5A0457F529D4}.Debug|Any CPU.ActiveCfg = Debug|Any CPU
		{966BE754-425C-4AD8-8F8F-5A0457F529D4}.Debug|Any CPU.Build.0 = Debug|Any CPU
		{966BE754-425C-4AD8-8F8F-5A0457F529D4}.Release|Any CPU.ActiveCfg = Release|Any CPU
		{966BE754-425C-4AD8-8F8F-5A0457F529D4}.Release|Any CPU.Build.0 = Release|Any CPU
	EndGlobalSection
	GlobalSection(SolutionProperties) = preSolution
		HideSolutionNode = FALSE
	EndGlobalSection
	GlobalSection(ExtensibilityGlobals) = postSolution
		SolutionGuid = {6DBF8473-06FC-43AF-A14F-41F17AB93C7E}
	EndGlobalSection
EndGlobal
